# Generated by scripts/ci_lock.py – do not edit; run the script instead.
annotated-doc==0.0.5
    # via
    #   fastapi
    #   typer
annotated-types==0.8.0
    # via pydantic
anyio==4.15.1
    # via
    #   httpx
    #   starlette
argon2-cffi==25.1.0
    # via -r requirements/ci.in
argon2-cffi-bindings==26.1.0
    # via argon2-cffi
arrow==1.4.0
    # via isoduration
ast-serialize==0.11.2
    # via mypy
attrs==26.1.0
    # via
    #   jsonschema
    #   referencing
bandit==1.9.4
    # via -r requirements/ci.in
bcrypt==5.0.0
    # via -r requirements/ci.in
beautifulsoup4==4.15.0
    # via -r requirements/ci.in
boolean-py==5.0
    # via license-expression
brotli==1.2.0 ; platform_python_implementation == 'CPython'
    # via fonttools
brotlicffi==1.2.0.2 ; platform_python_implementation != 'CPython'
    # via fonttools
build==1.6.1
    # via -r requirements/ci.in
cachecontrol==0.14.4
    # via pip-audit
certifi==2026.7.22
    # via
    #   httpcore
    #   httpx
    #   requests
cffi==2.1.1
    # via
    #   argon2-cffi-bindings
    #   brotlicffi
    #   cryptography
    #   weasyprint
charset-normalizer==3.5.1
    # via
    #   reportlab
    #   requests
click==8.5.0
    # via huggingface-hub
cloudpickle==3.1.2
    # via joblib
colorama==0.4.6 ; os_name == 'nt' or sys_platform == 'win32'
    # via
    #   bandit
    #   build
    #   pytest
    #   tqdm
    #   typer
coverage==7.16.1
    # via pytest-cov
cryptography==50.0.1
    # via
    #   -r requirements/ci.in
    #   pyjwt
cssselect2==0.10.1
    # via weasyprint
cuda-bindings==13.4.3 ; python_full_version < '3.15' and sys_platform == 'linux'
    # via torch
cuda-pathfinder==1.8.2 ; python_full_version < '3.15' and sys_platform == 'linux'
    # via cuda-bindings
cuda-toolkit==13.0.3.0 ; sys_platform == 'linux'
    # via torch
cyclonedx-python-lib==11.12.0
    # via
    #   -r requirements/ci.in
    #   pip-audit
defusedxml==0.7.1
    # via
    #   -r requirements/ci.in
    #   py-serializable
et-xmlfile==2.0.0
    # via openpyxl
execnet==2.1.2
    # via pytest-xdist
fastapi==0.141.1
    # via -r requirements/ci.in
feedparser==6.0.14
    # via -r requirements/ci.in
feedparser-sgmllib==2.1.0
    # via feedparser
filelock==4.0.4
    # via
    #   cachecontrol
    #   huggingface-hub
    #   torch
fonttools==4.66.0
    # via weasyprint
fqdn==1.5.1
    # via jsonschema
fsspec==2026.9.0
    # via
    #   huggingface-hub
    #   torch
h11==0.16.0
    # via httpcore
hf-xet==1.6.0 ; platform_machine == 'AMD64' or platform_machine == 'aarch64' or platform_machine == 'amd64' or platform_machine == 'arm64' or platform_machine == 'x86_64'
    # via huggingface-hub
httpcore==1.0.9
    # via httpx
httpx==0.28.1
    # via
    #   -r requirements/ci.in
    #   huggingface-hub
huggingface-hub==1.33.0
    # via
    #   tokenizers
    #   transformers
hypothesis==6.168.2
    # via -r requirements/ci.in
idna==3.20
    # via
    #   anyio
    #   httpx
    #   jsonschema
    #   requests
iniconfig==2.3.0
    # via pytest
isoduration==20.11.0
    # via jsonschema
jinja2==3.1.6
    # via torch
joblib==1.6.0
    # via -r requirements/ci.in
jsonpointer==3.1.1
    # via jsonschema
jsonschema==4.26.0
    # via
    #   -r requirements/ci.in
    #   cyclonedx-python-lib
jsonschema-specifications==2025.9.1
    # via jsonschema
lark==1.3.1
    # via rfc3987-syntax
librt==0.15.0 ; platform_python_implementation != 'PyPy'
    # via mypy
license-expression==30.4.4
    # via cyclonedx-python-lib
lxml==6.1.3
    # via
    #   -r requirements/ci.in
    #   python-docx
markdown-it-py==4.2.0
    # via rich
markupsafe==3.0.3
    # via jinja2
mdurl==0.1.2
    # via markdown-it-py
mpmath==1.3.0
    # via sympy
msgpack==1.2.2
    # via cachecontrol
mypy==2.3.1
    # via -r requirements/ci.in
mypy-extensions==1.1.0
    # via mypy
networkx==3.6.1 ; python_full_version < '3.12'
    # via torch
networkx==3.7 ; python_full_version >= '3.12'
    # via torch
numpy==2.4.6 ; python_full_version < '3.12'
    # via
    #   -r requirements/ci.in
    #   pandas
    #   transformers
numpy==2.5.3 ; python_full_version >= '3.12'
    # via
    #   -r requirements/ci.in
    #   pandas
    #   transformers
nvidia-cublas==13.1.1.3 ; sys_platform == 'linux'
    # via
    #   cuda-toolkit
    #   nvidia-cudnn-cu13
    #   nvidia-cusolver
nvidia-cuda-cupti==13.0.85 ; (platform_machine == 'aarch64' and sys_platform == 'linux') or (platform_machine == 'x86_64' and sys_platform == 'linux')
    # via cuda-toolkit
nvidia-cuda-nvrtc==13.0.88 ; sys_platform == 'linux'
    # via
    #   cuda-toolkit
    #   nvidia-cublas
nvidia-cuda-runtime==13.0.96 ; (platform_machine == 'aarch64' and sys_platform == 'linux') or (platform_machine == 'x86_64' and sys_platform == 'linux')
    # via cuda-toolkit
nvidia-cudnn-cu13==9.24.0.43 ; sys_platform == 'linux'
    # via torch
nvidia-cufft==12.0.0.61 ; (platform_machine == 'aarch64' and sys_platform == 'linux') or (platform_machine == 'x86_64' and sys_platform == 'linux')
    # via cuda-toolkit
nvidia-cufile==1.15.1.6 ; (platform_machine == 'aarch64' and sys_platform == 'linux') or (platform_machine == 'x86_64' and sys_platform == 'linux')
    # via cuda-toolkit
nvidia-curand==10.4.0.35 ; (platform_machine == 'aarch64' and sys_platform == 'linux') or (platform_machine == 'x86_64' and sys_platform == 'linux')
    # via cuda-toolkit
nvidia-cusolver==12.0.4.66 ; (platform_machine == 'aarch64' and sys_platform == 'linux') or (platform_machine == 'x86_64' and sys_platform == 'linux')
    # via cuda-toolkit
nvidia-cusparse==12.6.3.3 ; (platform_machine == 'aarch64' and sys_platform == 'linux') or (platform_machine == 'x86_64' and sys_platform == 'linux')
    # via
    #   cuda-toolkit
    #   nvidia-cusolver
nvidia-cusparselt-cu13==0.8.1 ; sys_platform == 'linux'
    # via torch
nvidia-nccl-cu13==2.30.7 ; sys_platform == 'linux'
    # via torch
nvidia-nvjitlink==13.4.92 ; (platform_machine == 'aarch64' and sys_platform == 'linux') or (platform_machine == 'x86_64' and sys_platform == 'linux')
    # via
    #   cuda-toolkit
    #   nvidia-cufft
    #   nvidia-cusolver
    #   nvidia-cusparse
nvidia-nvshmem-cu13==3.4.5 ; sys_platform == 'linux'
    # via torch
nvidia-nvtx==13.0.85 ; (platform_machine == 'aarch64' and sys_platform == 'linux') or (platform_machine == 'x86_64' and sys_platform == 'linux')
    # via cuda-toolkit
openpyxl==3.1.5
    # via -r requirements/ci.in
packageurl-python==0.17.6
    # via cyclonedx-python-lib
packaging==26.3
    # via
    #   build
    #   huggingface-hub
    #   pip-audit
    #   pip-requirements-parser
    #   pytest
    #   transformers
    #   wheel
pandas==3.0.6
    # via -r requirements/ci.in
pathspec==1.1.1
    # via mypy
pillow==12.3.0
    # via
    #   -r requirements/ci.in
    #   reportlab
    #   weasyprint
pip==26.2.1
    # via pip-api
pip-api==0.0.35
    # via pip-audit
pip-audit==2.10.1
    # via -r requirements/ci.in
pip-licenses==5.5.5
    # via -r requirements/ci.in
pip-requirements-parser==32.0.1
    # via pip-audit
platformdirs==4.12.0
    # via pip-audit
pluggy==1.6.0
    # via
    #   pytest
    #   pytest-cov
polars==1.44.2
    # via -r requirements/ci.in
polars-runtime-32==1.44.2
    # via polars
prettytable==3.18.0
    # via pip-licenses
py-serializable==2.1.0
    # via cyclonedx-python-lib
pycparser==3.0 ; implementation_name != 'PyPy'
    # via cffi
pydantic==2.13.5
    # via fastapi
pydantic-core==2.46.5
    # via pydantic
pydyf==0.12.1
    # via weasyprint
pygments==2.21.0
    # via
    #   pytest
    #   rich
pyjwt==2.15.0
    # via -r requirements/ci.in
pyparsing==3.3.3
    # via pip-requirements-parser
pypdf==6.19.0
    # via -r requirements/ci.in
pypdfium2==5.13.0
    # via -r requirements/ci.in
pyphen==0.18.1
    # via weasyprint
pyproject-hooks==1.3.3
    # via build
pytest==9.1.1
    # via
    #   -r requirements/ci.in
    #   pytest-cov
    #   pytest-timeout
    #   pytest-xdist
pytest-cov==7.1.0
    # via -r requirements/ci.in
pytest-timeout==2.4.0
    # via -r requirements/ci.in
pytest-xdist==3.8.0
    # via -r requirements/ci.in
python-dateutil==2.9.0.post0
    # via
    #   arrow
    #   pandas
python-docx==1.1.0
    # via -r requirements/ci.in
python-magic==0.4.27
    # via -r requirements/ci.in
python-multipart==0.0.32
    # via -r requirements/ci.in
pyyaml==6.0.3
    # via
    #   -r requirements/ci.in
    #   bandit
    #   huggingface-hub
    #   transformers
rapidfuzz==3.10.1
    # via -r requirements/ci.in
referencing==0.37.0
    # via
    #   cyclonedx-python-lib
    #   jsonschema
    #   jsonschema-specifications
regex==2026.9.10
    # via transformers
reportlab==5.0.1
    # via -r requirements/ci.in
requests==2.34.2
    # via
    #   cachecontrol
    #   pip-audit
rfc3339-validator==0.1.4
    # via jsonschema
rfc3986-validator==0.1.1
    # via jsonschema
rfc3987-syntax==1.1.0
    # via jsonschema
rich==15.0.0
    # via
    #   bandit
    #   pip-audit
    #   typer
rpds-py==2026.6.3
    # via
    #   jsonschema
    #   referencing
ruff==0.16.9
    # via -r requirements/ci.in
safetensors==0.8.0
    # via
    #   -r requirements/ci.in
    #   transformers
sentencepiece==0.2.2
    # via -r requirements/ci.in
setuptools==84.0.0
    # via
    #   -r requirements/ci.in
    #   torch
shellingham==1.5.4
    # via typer
six==1.17.0
    # via
    #   python-dateutil
    #   rfc3339-validator
sortedcontainers==2.4.0
    # via
    #   cyclonedx-python-lib
    #   hypothesis
soupsieve==2.10
    # via beautifulsoup4
starlette==1.7.0
    # via
    #   -r requirements/ci.in
    #   fastapi
stevedore==5.9.1
    # via bandit
sympy==1.14.0
    # via torch
tinycss2==1.5.1
    # via
    #   cssselect2
    #   weasyprint
tinyhtml5==2.1.0
    # via weasyprint
tokenizers==0.23.2
    # via
    #   -r requirements/ci.in
    #   transformers
tomli==2.4.1
    # via
    #   coverage
    #   pip-audit
tomli-w==1.2.0
    # via pip-audit
torch==2.14.0
    # via -r requirements/ci.in
tqdm==4.70.1
    # via
    #   huggingface-hub
    #   transformers
transformers==5.17.0
    # via -r requirements/ci.in
triton==3.8.0 ; python_full_version < '3.15' and sys_platform == 'linux'
    # via torch
typer==0.27.2
    # via transformers
types-defusedxml==0.7.0.20260504
    # via -r requirements/ci.in
types-openpyxl==3.1.5.20260827
    # via -r requirements/ci.in
types-pyyaml==6.0.12.20260906
    # via -r requirements/ci.in
typing-extensions==4.16.0
    # via
    #   anyio
    #   beautifulsoup4
    #   cyclonedx-python-lib
    #   fastapi
    #   huggingface-hub
    #   mypy
    #   pydantic
    #   pydantic-core
    #   python-docx
    #   referencing
    #   starlette
    #   torch
    #   typing-inspection
typing-inspection==0.4.4
    # via
    #   fastapi
    #   pydantic
tzdata==2026.4
    # via
    #   arrow
    #   pandas
uri-template==1.3.0
    # via jsonschema
urllib3==2.8.0
    # via requests
wcwidth==0.9.1
    # via prettytable
weasyprint==70.0
    # via -r requirements/ci.in
webcolors==25.10.0
    # via jsonschema
webencodings==0.6.1
    # via
    #   cssselect2
    #   tinycss2
    #   tinyhtml5
wheel==0.48.0
    # via -r requirements/ci.in
zopfli==0.4.3
    # via fonttools
